
Microsoft Visual Studio Solution File, Format Version 12.00
# Visual Studio Version 16
VisualStudioVersion = 16.0.30104.148
MinimumVisualStudioVersion = 10.0.40219.1
Project("{FAE04EC0-301F-11D3-BF4B-00C04F79EFBC}") = "ETic", "ETic.csproj", "{B32690D8-088F-4941-AC77-67DF637B7CA6}"
EndProject
Global
	GlobalSection(SolutionConfigurationPlatforms) = preSolution
		Debug|Any CPU = Debug|Any CPU
		Release|Any CPU = Release|Any CPU
	EndGlobalSection
	GlobalSection(ProjectConfigurationPlatforms) = postSolution
		{B32690D8-088F-4941-AC77-67DF637B7CA6}.Debug|Any CPU.ActiveCfg = Debug|Any CPU
		{B32690D8-088F-4941-AC77-67DF637B7CA6}.Debug|Any CPU.Build.0 = Debug|Any CPU
		{B32690D8-088F-4941-AC77-67DF637B7CA6}.Release|Any CPU.ActiveCfg = Release|Any CPU
		{B32690D8-088F-4941-AC77-67DF637B7CA6}.Release|Any CPU.Build.0 = Release|Any CPU
	EndGlobalSection
	GlobalSection(SolutionProperties) = preSolution
		HideSolutionNode = FALSE
	EndGlobalSection
	GlobalSection(ExtensibilityGlobals) = postSolution
		SolutionGuid = {836B1469-6D67-46D4-A710-9E166171A160}
	EndGlobalSection
EndGlobal
